
Microsoft Visual Studio Solution File, Format Version 12.00
# Visual Studio Version 17
VisualStudioVersion = 17.7.34031.279
MinimumVisualStudioVersion = 10.0.40219.1
Project("{FAE04EC0-301F-11D3-BF4B-00C04F79EFBC}") = "WindowsFormsAppTeste", "WindowsFormsAppTeste\WindowsFormsAppTeste.csproj", "{DDA33DD0-3454-410D-9A2D-B171C25C87F3}"
EndProject
Global
	GlobalSection(SolutionConfigurationPlatforms) = preSolution
		Debug|Any CPU = Debug|Any CPU
		Release|Any CPU = Release|Any CPU
	EndGlobalSection
	GlobalSection(ProjectConfigurationPlatforms) = postSolution
		{DDA33DD0-3454-410D-9A2D-B171C25C87F3}.Debug|Any CPU.ActiveCfg = Debug|Any CPU
		{DDA33DD0-3454-410D-9A2D-B171C25C87F3}.Debug|Any CPU.Build.0 = Debug|Any CPU
		{DDA33DD0-3454-410D-9A2D-B171C25C87F3}.Release|Any CPU.ActiveCfg = Release|Any CPU
		{DDA33DD0-3454-410D-9A2D-B171C25C87F3}.Release|Any CPU.Build.0 = Release|Any CPU
	EndGlobalSection
	GlobalSection(SolutionProperties) = preSolution
		HideSolutionNode = FALSE
	EndGlobalSection
	GlobalSection(ExtensibilityGlobals) = postSolution
		SolutionGuid = {0FB5CFDF-C94D-4A22-ACA6-B42B61D6B47C}
	EndGlobalSection
EndGlobal
